
Microsoft Visual Studio Solution File, Format Version 12.00
# Visual Studio Version 17
VisualStudioVersion = 17.9.34607.119
MinimumVisualStudioVersion = 10.0.40219.1
Project("{FAE04EC0-301F-11D3-BF4B-00C04F79EFBC}") = "Customer", "Customer\Customer.csproj", "{A41A7718-1B42-4C62-AEB7-0A8155FE2240}"
EndProject
Project("{FAE04EC0-301F-11D3-BF4B-00C04F79EFBC}") = "Cart", "Cart\Cart.csproj", "{12253613-2550-4199-91C1-BD552FE83B81}"
EndProject
Project("{FAE04EC0-301F-11D3-BF4B-00C04F79EFBC}") = "Catalog", "Catalog\Catalog.csproj", "{B8649B95-9415-41B2-8824-643E0C51B1A9}"
EndProject
Global
	GlobalSection(SolutionConfigurationPlatforms) = preSolution
		Debug|Any CPU = Debug|Any CPU
		Release|Any CPU = Release|Any CPU
	EndGlobalSection
	GlobalSection(ProjectConfigurationPlatforms) = postSolution
		{A41A7718-1B42-4C62-AEB7-0A8155FE2240}.Debug|Any CPU.ActiveCfg = Debug|Any CPU
		{A41A7718-1B42-4C62-AEB7-0A8155FE2240}.Debug|Any CPU.Build.0 = Debug|Any CPU
		{A41A7718-1B42-4C62-AEB7-0A8155FE2240}.Release|Any CPU.ActiveCfg = Release|Any CPU
		{A41A7718-1B42-4C62-AEB7-0A8155FE2240}.Release|Any CPU.Build.0 = Release|Any CPU
		{12253613-2550-4199-91C1-BD552FE83B81}.Debug|Any CPU.ActiveCfg = Debug|Any CPU
		{12253613-2550-4199-91C1-BD552FE83B81}.Debug|Any CPU.Build.0 = Debug|Any CPU
		{12253613-2550-4199-91C1-BD552FE83B81}.Release|Any CPU.ActiveCfg = Release|Any CPU
		{12253613-2550-4199-91C1-BD552FE83B81}.Release|Any CPU.Build.0 = Release|Any CPU
		{B8649B95-9415-41B2-8824-643E0C51B1A9}.Debug|Any CPU.ActiveCfg = Debug|Any CPU
		{B8649B95-9415-41B2-8824-643E0C51B1A9}.Debug|Any CPU.Build.0 = Debug|Any CPU
		{B8649B95-9415-41B2-8824-643E0C51B1A9}.Release|Any CPU.ActiveCfg = Release|Any CPU
		{B8649B95-9415-41B2-8824-643E0C51B1A9}.Release|Any CPU.Build.0 = Release|Any CPU
	EndGlobalSection
	GlobalSection(SolutionProperties) = preSolution
		HideSolutionNode = FALSE
	EndGlobalSection
	GlobalSection(ExtensibilityGlobals) = postSolution
		SolutionGuid = {8E39292B-DDDF-4FEC-8DEC-A74CFDD74A58}
	EndGlobalSection
EndGlobal
